
Microsoft Visual Studio Solution File, Format Version 12.00
# Visual Studio 15
VisualStudioVersion = 15.0.27130.2036
MinimumVisualStudioVersion = 10.0.40219.1
Project("{FAE04EC0-301F-11D3-BF4B-00C04F79EFBC}") = "Csharp", "Csharp\Csharp.csproj", "{4ECC626C-1817-469A-94E6-FFEE7806B7EC}"
EndProject
Project("{FAE04EC0-301F-11D3-BF4B-00C04F79EFBC}") = "ifandelse", "ifandelse\ifandelse.csproj", "{32231374-1EDB-45DD-A1A6-87BF972E3DC7}"
EndProject
Project("{FAE04EC0-301F-11D3-BF4B-00C04F79EFBC}") = "WindowsForm", "WindowsForm\WindowsForm.csproj", "{1044CAB0-DF2B-4526-A721-3308486B9765}"
EndProject
Project("{FAE04EC0-301F-11D3-BF4B-00C04F79EFBC}") = "Talker", "Talker\Talker.csproj", "{9D135C6E-31F8-4A59-9F34-1DE5BF505B90}"
EndProject
Project("{FAE04EC0-301F-11D3-BF4B-00C04F79EFBC}") = "TypesAndRefrences", "TypesAndRefrences\TypesAndRefrences.csproj", "{46347624-0FBC-4A33-B173-668FBEC2C696}"
EndProject
Global
	GlobalSection(SolutionConfigurationPlatforms) = preSolution
		Debug|Any CPU = Debug|Any CPU
		Debug|ARM = Debug|ARM
		Debug|x64 = Debug|x64
		Debug|x86 = Debug|x86
		Release|Any CPU = Release|Any CPU
		Release|ARM = Release|ARM
		Release|x64 = Release|x64
		Release|x86 = Release|x86
	EndGlobalSection
	GlobalSection(ProjectConfigurationPlatforms) = postSolution
		{4ECC626C-1817-469A-94E6-FFEE7806B7EC}.Debug|Any CPU.ActiveCfg = Debug|Any CPU
		{4ECC626C-1817-469A-94E6-FFEE7806B7EC}.Debug|Any CPU.Build.0 = Debug|Any CPU
		{4ECC626C-1817-469A-94E6-FFEE7806B7EC}.Debug|Any CPU.Deploy.0 = Debug|Any CPU
		{4ECC626C-1817-469A-94E6-FFEE7806B7EC}.Debug|ARM.ActiveCfg = Debug|ARM
		{4ECC626C-1817-469A-94E6-FFEE7806B7EC}.Debug|ARM.Build.0 = Debug|ARM
		{4ECC626C-1817-469A-94E6-FFEE7806B7EC}.Debug|ARM.Deploy.0 = Debug|ARM
		{4ECC626C-1817-469A-94E6-FFEE7806B7EC}.Debug|x64.ActiveCfg = Debug|x64
		{4ECC626C-1817-469A-94E6-FFEE7806B7EC}.Debug|x64.Build.0 = Debug|x64
		{4ECC626C-1817-469A-94E6-FFEE7806B7EC}.Debug|x64.Deploy.0 = Debug|x64
		{4ECC626C-1817-469A-94E6-FFEE7806B7EC}.Debug|x86.ActiveCfg = Debug|x86
		{4ECC626C-1817-469A-94E6-FFEE7806B7EC}.Debug|x86.Build.0 = Debug|x86
		{4ECC626C-1817-469A-94E6-FFEE7806B7EC}.Debug|x86.Deploy.0 = Debug|x86
		{4ECC626C-1817-469A-94E6-FFEE7806B7EC}.Release|Any CPU.ActiveCfg = Release|Any CPU
		{4ECC626C-1817-469A-94E6-FFEE7806B7EC}.Release|Any CPU.Build.0 = Release|Any CPU
		{4ECC626C-1817-469A-94E6-FFEE7806B7EC}.Release|Any CPU.Deploy.0 = Release|Any CPU
		{4ECC626C-1817-469A-94E6-FFEE7806B7EC}.Release|ARM.ActiveCfg = Release|ARM
		{4ECC626C-1817-469A-94E6-FFEE7806B7EC}.Release|ARM.Build.0 = Release|ARM
		{4ECC626C-1817-469A-94E6-FFEE7806B7EC}.Release|ARM.Deploy.0 = Release|ARM
		{4ECC626C-1817-469A-94E6-FFEE7806B7EC}.Release|x64.ActiveCfg = Release|x64
		{4ECC626C-1817-469A-94E6-FFEE7806B7EC}.Release|x64.Build.0 = Release|x64
		{4ECC626C-1817-469A-94E6-FFEE7806B7EC}.Release|x64.Deploy.0 = Release|x64
		{4ECC626C-1817-469A-94E6-FFEE7806B7EC}.Release|x86.ActiveCfg = Release|x86
		{4ECC626C-1817-469A-94E6-FFEE7806B7EC}.Release|x86.Build.0 = Release|x86
		{4ECC626C-1817-469A-94E6-FFEE7806B7EC}.Release|x86.Deploy.0 = Release|x86
		{32231374-1EDB-45DD-A1A6-87BF972E3DC7}.Debug|Any CPU.ActiveCfg = Debug|Any CPU
		{32231374-1EDB-45DD-A1A6-87BF972E3DC7}.Debug|Any CPU.Build.0 = Debug|Any CPU
		{32231374-1EDB-45DD-A1A6-87BF972E3DC7}.Debug|Any CPU.Deploy.0 = Debug|Any CPU
		{32231374-1EDB-45DD-A1A6-87BF972E3DC7}.Debug|ARM.ActiveCfg = Debug|ARM
		{32231374-1EDB-45DD-A1A6-87BF972E3DC7}.Debug|ARM.Build.0 = Debug|ARM
		{32231374-1EDB-45DD-A1A6-87BF972E3DC7}.Debug|ARM.Deploy.0 = Debug|ARM
		{32231374-1EDB-45DD-A1A6-87BF972E3DC7}.Debug|x64.ActiveCfg = Debug|x64
		{32231374-1EDB-45DD-A1A6-87BF972E3DC7}.Debug|x64.Build.0 = Debug|x64
		{32231374-1EDB-45DD-A1A6-87BF972E3DC7}.Debug|x64.Deploy.0 = Debug|x64
		{32231374-1EDB-45DD-A1A6-87BF972E3DC7}.Debug|x86.ActiveCfg = Debug|x86
		{32231374-1EDB-45DD-A1A6-87BF972E3DC7}.Debug|x86.Build.0 = Debug|x86
		{32231374-1EDB-45DD-A1A6-87BF972E3DC7}.Debug|x86.Deploy.0 = Debug|x86
		{32231374-1EDB-45DD-A1A6-87BF972E3DC7}.Release|Any CPU.ActiveCfg = Release|Any CPU
		{32231374-1EDB-45DD-A1A6-87BF972E3DC7}.Release|Any CPU.Build.0 = Release|Any CPU
		{32231374-1EDB-45DD-A1A6-87BF972E3DC7}.Release|Any CPU.Deploy.0 = Release|Any CPU
		{32231374-1EDB-45DD-A1A6-87BF972E3DC7}.Release|ARM.ActiveCfg = Release|ARM
		{32231374-1EDB-45DD-A1A6-87BF972E3DC7}.Release|ARM.Build.0 = Release|ARM
		{32231374-1EDB-45DD-A1A6-87BF972E3DC7}.Release|ARM.Deploy.0 = Release|ARM
		{32231374-1EDB-45DD-A1A6-87BF972E3DC7}.Release|x64.ActiveCfg = Release|x64
		{32231374-1EDB-45DD-A1A6-87BF972E3DC7}.Release|x64.Build.0 = Release|x64
		{32231374-1EDB-45DD-A1A6-87BF972E3DC7}.Release|x64.Deploy.0 = Release|x64
		{32231374-1EDB-45DD-A1A6-87BF972E3DC7}.Release|x86.ActiveCfg = Release|x86
		{32231374-1EDB-45DD-A1A6-87BF972E3DC7}.Release|x86.Build.0 = Release|x86
		{32231374-1EDB-45DD-A1A6-87BF972E3DC7}.Release|x86.Deploy.0 = Release|x86
		{1044CAB0-DF2B-4526-A721-3308486B9765}.Debug|Any CPU.ActiveCfg = Debug|Any CPU
		{1044CAB0-DF2B-4526-A721-3308486B9765}.Debug|Any CPU.Build.0 = Debug|Any CPU
		{1044CAB0-DF2B-4526-A721-3308486B9765}.Debug|ARM.ActiveCfg = Debug|Any CPU
		{1044CAB0-DF2B-4526-A721-3308486B9765}.Debug|x64.ActiveCfg = Debug|Any CPU
		{1044CAB0-DF2B-4526-A721-3308486B9765}.Debug|x86.ActiveCfg = Debug|Any CPU
		{1044CAB0-DF2B-4526-A721-3308486B9765}.Release|Any CPU.ActiveCfg = Release|Any CPU
		{1044CAB0-DF2B-4526-A721-3308486B9765}.Release|Any CPU.Build.0 = Release|Any CPU
		{1044CAB0-DF2B-4526-A721-3308486B9765}.Release|ARM.ActiveCfg = Release|Any CPU
		{1044CAB0-DF2B-4526-A721-3308486B9765}.Release|x64.ActiveCfg = Release|Any CPU
		{1044CAB0-DF2B-4526-A721-3308486B9765}.Release|x86.ActiveCfg = Release|Any CPU
		{9D135C6E-31F8-4A59-9F34-1DE5BF505B90}.Debug|Any CPU.ActiveCfg = Debug|Any CPU
		{9D135C6E-31F8-4A59-9F34-1DE5BF505B90}.Debug|Any CPU.Build.0 = Debug|Any CPU
		{9D135C6E-31F8-4A59-9F34-1DE5BF505B90}.Debug|ARM.ActiveCfg = Debug|Any CPU
		{9D135C6E-31F8-4A59-9F34-1DE5BF505B90}.Debug|x64.ActiveCfg = Debug|Any CPU
		{9D135C6E-31F8-4A59-9F34-1DE5BF505B90}.Debug|x86.ActiveCfg = Debug|Any CPU
		{9D135C6E-31F8-4A59-9F34-1DE5BF505B90}.Release|Any CPU.ActiveCfg = Release|Any CPU
		{9D135C6E-31F8-4A59-9F34-1DE5BF505B90}.Release|Any CPU.Build.0 = Release|Any CPU
		{9D135C6E-31F8-4A59-9F34-1DE5BF505B90}.Release|ARM.ActiveCfg = Release|Any CPU
		{9D135C6E-31F8-4A59-9F34-1DE5BF505B90}.Release|x64.ActiveCfg = Release|Any CPU
		{9D135C6E-31F8-4A59-9F34-1DE5BF505B90}.Release|x86.ActiveCfg = Release|Any CPU
		{46347624-0FBC-4A33-B173-668FBEC2C696}.Debug|Any CPU.ActiveCfg = Debug|Any CPU
		{46347624-0FBC-4A33-B173-668FBEC2C696}.Debug|Any CPU.Build.0 = Debug|Any CPU
		{46347624-0FBC-4A33-B173-668FBEC2C696}.Debug|ARM.ActiveCfg = Debug|Any CPU
		{46347624-0FBC-4A33-B173-668FBEC2C696}.Debug|ARM.Build.0 = Debug|Any CPU
		{46347624-0FBC-4A33-B173-668FBEC2C696}.Debug|x64.ActiveCfg = Debug|Any CPU
		{46347624-0FBC-4A33-B173-668FBEC2C696}.Debug|x64.Build.0 = Debug|Any CPU
		{46347624-0FBC-4A33-B173-668FBEC2C696}.Debug|x86.ActiveCfg = Debug|Any CPU
		{46347624-0FBC-4A33-B173-668FBEC2C696}.Debug|x86.Build.0 = Debug|Any CPU
		{46347624-0FBC-4A33-B173-668FBEC2C696}.Release|Any CPU.ActiveCfg = Release|Any CPU
		{46347624-0FBC-4A33-B173-668FBEC2C696}.Release|Any CPU.Build.0 = Release|Any CPU
		{46347624-0FBC-4A33-B173-668FBEC2C696}.Release|ARM.ActiveCfg = Release|Any CPU
		{46347624-0FBC-4A33-B173-668FBEC2C696}.Release|ARM.Build.0 = Release|Any CPU
		{46347624-0FBC-4A33-B173-668FBEC2C696}.Release|x64.ActiveCfg = Release|Any CPU
		{46347624-0FBC-4A33-B173-668FBEC2C696}.Release|x64.Build.0 = Release|Any CPU
		{46347624-0FBC-4A33-B173-668FBEC2C696}.Release|x86.ActiveCfg = Release|Any CPU
		{46347624-0FBC-4A33-B173-668FBEC2C696}.Release|x86.Build.0 = Release|Any CPU
	EndGlobalSection
	GlobalSection(SolutionProperties) = preSolution
		HideSolutionNode = FALSE
	EndGlobalSection
	GlobalSection(ExtensibilityGlobals) = postSolution
		SolutionGuid = {5DCB1F1E-3784-4C96-8DB0-3223BDF18B0D}
	EndGlobalSection
EndGlobal
